
Microsoft Visual Studio Solution File, Format Version 12.00
# Visual Studio 15
VisualStudioVersion = 15.0.28010.2050
MinimumVisualStudioVersion = 10.0.40219.1
Project("{FAE04EC0-301F-11D3-BF4B-00C04F79EFBC}") = "ScreenShooter", "ScreenShooter\ScreenShooter.csproj", "{1B1C0CE1-20C9-48E8-8442-ADE828A163AD}"
EndProject
Global
	GlobalSection(SolutionConfigurationPlatforms) = preSolution
		Debug|Any CPU = Debug|Any CPU
		Release|Any CPU = Release|Any CPU
	EndGlobalSection
	GlobalSection(ProjectConfigurationPlatforms) = postSolution
		{1B1C0CE1-20C9-48E8-8442-ADE828A163AD}.Debug|Any CPU.ActiveCfg = Debug|Any CPU
		{1B1C0CE1-20C9-48E8-8442-ADE828A163AD}.Debug|Any CPU.Build.0 = Debug|Any CPU
		{1B1C0CE1-20C9-48E8-8442-ADE828A163AD}.Release|Any CPU.ActiveCfg = Release|Any CPU
		{1B1C0CE1-20C9-48E8-8442-ADE828A163AD}.Release|Any CPU.Build.0 = Release|Any CPU
	EndGlobalSection
	GlobalSection(SolutionProperties) = preSolution
		HideSolutionNode = FALSE
	EndGlobalSection
	GlobalSection(ExtensibilityGlobals) = postSolution
		SolutionGuid = {824DF988-C4E3-4AC2-8355-FDC123EB46BD}
	EndGlobalSection
EndGlobal
